
Microsoft Visual Studio Solution File, Format Version 11.00
# Visual Studio 2010
Project("{FAE04EC0-301F-11D3-BF4B-00C04F79EFBC}") = "Test", "Test\Test.csproj", "{379AC1E2-AD3B-4B81-AC5C-06FD093F6CDA}"
EndProject
Global
	GlobalSection(SolutionConfigurationPlatforms) = preSolution
		Debug|Any CPU = Debug|Any CPU
		Release|Any CPU = Release|Any CPU
	EndGlobalSection
	GlobalSection(ProjectConfigurationPlatforms) = postSolution
		{379AC1E2-AD3B-4B81-AC5C-06FD093F6CDA}.Debug|Any CPU.ActiveCfg = Debug|Any CPU
		{379AC1E2-AD3B-4B81-AC5C-06FD093F6CDA}.Debug|Any CPU.Build.0 = Debug|Any CPU
		{379AC1E2-AD3B-4B81-AC5C-06FD093F6CDA}.Release|Any CPU.ActiveCfg = Release|Any CPU
		{379AC1E2-AD3B-4B81-AC5C-06FD093F6CDA}.Release|Any CPU.Build.0 = Release|Any CPU
	EndGlobalSection
	GlobalSection(SolutionProperties) = preSolution
		HideSolutionNode = FALSE
	EndGlobalSection
EndGlobal
